
Microsoft Visual Studio Solution File, Format Version 12.00
# Visual Studio Version 16
VisualStudioVersion = 16.0.31424.327
MinimumVisualStudioVersion = 10.0.40219.1
Project("{FAE04EC0-301F-11D3-BF4B-00C04F79EFBC}") = "WebFormApp.Web", "WebFormApp.Web\WebFormApp.Web.csproj", "{D0060456-6CE4-46F2-BEA3-4B41AFD07D6F}"
EndProject
Project("{FAE04EC0-301F-11D3-BF4B-00C04F79EFBC}") = "WebFormApp.API", "WebFormApp.API\WebFormApp.API.csproj", "{C3592A1D-5D6B-4A6D-A7B5-9DDC43B9997C}"
EndProject
Global
	GlobalSection(SolutionConfigurationPlatforms) = preSolution
		Debug|Any CPU = Debug|Any CPU
		Release|Any CPU = Release|Any CPU
	EndGlobalSection
	GlobalSection(ProjectConfigurationPlatforms) = postSolution
		{D0060456-6CE4-46F2-BEA3-4B41AFD07D6F}.Debug|Any CPU.ActiveCfg = Debug|Any CPU
		{D0060456-6CE4-46F2-BEA3-4B41AFD07D6F}.Debug|Any CPU.Build.0 = Debug|Any CPU
		{D0060456-6CE4-46F2-BEA3-4B41AFD07D6F}.Release|Any CPU.ActiveCfg = Release|Any CPU
		{D0060456-6CE4-46F2-BEA3-4B41AFD07D6F}.Release|Any CPU.Build.0 = Release|Any CPU
		{C3592A1D-5D6B-4A6D-A7B5-9DDC43B9997C}.Debug|Any CPU.ActiveCfg = Debug|Any CPU
		{C3592A1D-5D6B-4A6D-A7B5-9DDC43B9997C}.Debug|Any CPU.Build.0 = Debug|Any CPU
		{C3592A1D-5D6B-4A6D-A7B5-9DDC43B9997C}.Release|Any CPU.ActiveCfg = Release|Any CPU
		{C3592A1D-5D6B-4A6D-A7B5-9DDC43B9997C}.Release|Any CPU.Build.0 = Release|Any CPU
	EndGlobalSection
	GlobalSection(SolutionProperties) = preSolution
		HideSolutionNode = FALSE
	EndGlobalSection
	GlobalSection(ExtensibilityGlobals) = postSolution
		SolutionGuid = {32199AC9-76D8-4169-BD83-72A01F560FAB}
	EndGlobalSection
EndGlobal
